// !$*UTF8*$!
{
	archiveVersion = 1;
	classes = {
	};
	objectVersion = 56;
	objects = {

/* Begin PBXBuildFile section */
		9F3206ED2AAFED5300EB8653 /* LoginViewController.swift in Sources */ = {isa = PBXBuildFile; fileRef = 9F3206EC2AAFED5300EB8653 /* LoginViewController.swift */; };
		9F3206EF2AAFF2F500EB8653 /* Observable.swift in Sources */ = {isa = PBXBuildFile; fileRef = 9F3206EE2AAFF2F500EB8653 /* Observable.swift */; };
		9F3206F12AAFFDE900EB8653 /* SampleViewController.swift in Sources */ = {isa = PBXBuildFile; fileRef = 9F3206F02AAFFDE900EB8653 /* SampleViewController.swift */; };
		9F3206F32AB0015000EB8653 /* SampleViewModel.swift in Sources */ = {isa = PBXBuildFile; fileRef = 9F3206F22AB0015000EB8653 /* SampleViewModel.swift */; };
		9F3206F52AB00E4300EB8653 /* LoginViewModel.swift in Sources */ = {isa = PBXBuildFile; fileRef = 9F3206F42AB00E4300EB8653 /* LoginViewModel.swift */; };
		9F3206F82AB02A4F00EB8653 /* APIService.swift in Sources */ = {isa = PBXBuildFile; fileRef = 9F3206F72AB02A4F00EB8653 /* APIService.swift */; };
		9F3206FA2AB02A5E00EB8653 /* Photo.swift in Sources */ = {isa = PBXBuildFile; fileRef = 9F3206F92AB02A5E00EB8653 /* Photo.swift */; };
		9F3206FC2AB02B4900EB8653 /* PhotoViewController.swift in Sources */ = {isa = PBXBuildFile; fileRef = 9F3206FB2AB02B4900EB8653 /* PhotoViewController.swift */; };
		9F3206FE2AB02DAA00EB8653 /* PhotoViewModel.swift in Sources */ = {isa = PBXBuildFile; fileRef = 9F3206FD2AB02DAA00EB8653 /* PhotoViewModel.swift */; };
		9F820B3A2AAE9936003CB842 /* AppDelegate.swift in Sources */ = {isa = PBXBuildFile; fileRef = 9F820B392AAE9936003CB842 /* AppDelegate.swift */; };
		9F820B3C2AAE9936003CB842 /* SceneDelegate.swift in Sources */ = {isa = PBXBuildFile; fileRef = 9F820B3B2AAE9936003CB842 /* SceneDelegate.swift */; };
		9F820B3E2AAE9936003CB842 /* ViewController.swift in Sources */ = {isa = PBXBuildFile; fileRef = 9F820B3D2AAE9936003CB842 /* ViewController.swift */; };
		9F820B412AAE9936003CB842 /* Main.storyboard in Resources */ = {isa = PBXBuildFile; fileRef = 9F820B3F2AAE9936003CB842 /* Main.storyboard */; };
		9F820B432AAE9939003CB842 /* Assets.xcassets in Resources */ = {isa = PBXBuildFile; fileRef = 9F820B422AAE9939003CB842 /* Assets.xcassets */; };
		9F820B462AAE9939003CB842 /* LaunchScreen.storyboard in Resources */ = {isa = PBXBuildFile; fileRef = 9F820B442AAE9939003CB842 /* LaunchScreen.storyboard */; };
		9F820B552AAEAE24003CB842 /* Localizable.strings in Resources */ = {isa = PBXBuildFile; fileRef = 9F820B572AAEAE24003CB842 /* Localizable.strings */; };
		9F820B5B2AAEBAB1003CB842 /* String+Extension.swift in Sources */ = {isa = PBXBuildFile; fileRef = 9F820B5A2AAEBAB0003CB842 /* String+Extension.swift */; };
		9F820B5E2AAEBDDB003CB842 /* InfoPlist.strings in Resources */ = {isa = PBXBuildFile; fileRef = 9F820B602AAEBDDB003CB842 /* InfoPlist.strings */; };
/* End PBXBuildFile section */

/* Begin PBXFileReference section */
		9F3206EC2AAFED5300EB8653 /* LoginViewController.swift */ = {isa = PBXFileReference; lastKnownFileType = sourcecode.swift; path = LoginViewController.swift; sourceTree = "<group>"; };
		9F3206EE2AAFF2F500EB8653 /* Observable.swift */ = {isa = PBXFileReference; lastKnownFileType = sourcecode.swift; path = Observable.swift; sourceTree = "<group>"; };
		9F3206F02AAFFDE900EB8653 /* SampleViewController.swift */ = {isa = PBXFileReference; lastKnownFileType = sourcecode.swift; path = SampleViewController.swift; sourceTree = "<group>"; };
		9F3206F22AB0015000EB8653 /* SampleViewModel.swift */ = {isa = PBXFileReference; lastKnownFileType = sourcecode.swift; path = SampleViewModel.swift; sourceTree = "<group>"; };
		9F3206F42AB00E4300EB8653 /* LoginViewModel.swift */ = {isa = PBXFileReference; lastKnownFileType = sourcecode.swift; path = LoginViewModel.swift; sourceTree = "<group>"; };
		9F3206F72AB02A4F00EB8653 /* APIService.swift */ = {isa = PBXFileReference; lastKnownFileType = sourcecode.swift; path = APIService.swift; sourceTree = "<group>"; };
		9F3206F92AB02A5E00EB8653 /* Photo.swift */ = {isa = PBXFileReference; lastKnownFileType = sourcecode.swift; path = Photo.swift; sourceTree = "<group>"; };
		9F3206FB2AB02B4900EB8653 /* PhotoViewController.swift */ = {isa = PBXFileReference; lastKnownFileType = sourcecode.swift; path = PhotoViewController.swift; sourceTree = "<group>"; };
		9F3206FD2AB02DAA00EB8653 /* PhotoViewModel.swift */ = {isa = PBXFileReference; lastKnownFileType = sourcecode.swift; path = PhotoViewModel.swift; sourceTree = "<group>"; };
		9F820B362AAE9936003CB842 /* SeSAC3UnsplashProject.app */ = {isa = PBXFileReference; explicitFileType = wrapper.application; includeInIndex = 0; path = SeSAC3UnsplashProject.app; sourceTree = BUILT_PRODUCTS_DIR; };
		9F820B392AAE9936003CB842 /* AppDelegate.swift */ = {isa = PBXFileReference; lastKnownFileType = sourcecode.swift; path = AppDelegate.swift; sourceTree = "<group>"; };
		9F820B3B2AAE9936003CB842 /* SceneDelegate.swift */ = {isa = PBXFileReference; lastKnownFileType = sourcecode.swift; path = SceneDelegate.swift; sourceTree = "<group>"; };
		9F820B3D2AAE9936003CB842 /* ViewController.swift */ = {isa = PBXFileReference; lastKnownFileType = sourcecode.swift; path = ViewController.swift; sourceTree = "<group>"; };
		9F820B402AAE9936003CB842 /* Base */ = {isa = PBXFileReference; lastKnownFileType = file.storyboard; name = Base; path = Base.lproj/Main.storyboard; sourceTree = "<group>"; };
		9F820B422AAE9939003CB842 /* Assets.xcassets */ = {isa = PBXFileReference; lastKnownFileType = folder.assetcatalog; path = Assets.xcassets; sourceTree = "<group>"; };
		9F820B452AAE9939003CB842 /* Base */ = {isa = PBXFileReference; lastKnownFileType = file.storyboard; name = Base; path = Base.lproj/LaunchScreen.storyboard; sourceTree = "<group>"; };
		9F820B472AAE9939003CB842 /* Info.plist */ = {isa = PBXFileReference; lastKnownFileType = text.plist.xml; path = Info.plist; sourceTree = "<group>"; };
		9F820B4D2AAE9CBE003CB842 /* ko */ = {isa = PBXFileReference; lastKnownFileType = text.plist.strings; name = ko; path = ko.lproj/Main.strings; sourceTree = "<group>"; };
		9F820B4E2AAE9CBE003CB842 /* ko */ = {isa = PBXFileReference; lastKnownFileType = text.plist.strings; name = ko; path = ko.lproj/LaunchScreen.strings; sourceTree = "<group>"; };
		9F820B4F2AAE9CC4003CB842 /* ja */ = {isa = PBXFileReference; lastKnownFileType = text.plist.strings; name = ja; path = ja.lproj/Main.strings; sourceTree = "<group>"; };
		9F820B502AAE9CC4003CB842 /* ja */ = {isa = PBXFileReference; lastKnownFileType = text.plist.strings; name = ja; path = ja.lproj/LaunchScreen.strings; sourceTree = "<group>"; };
		9F820B522AAE9DB1003CB842 /* en */ = {isa = PBXFileReference; lastKnownFileType = text.plist.strings; name = en; path = en.lproj/Main.strings; sourceTree = "<group>"; };
		9F820B562AAEAE24003CB842 /* en */ = {isa = PBXFileReference; lastKnownFileType = text.plist.strings; name = en; path = en.lproj/Localizable.strings; sourceTree = "<group>"; };
		9F820B582AAEAE33003CB842 /* ja */ = {isa = PBXFileReference; lastKnownFileType = text.plist.strings; name = ja; path = ja.lproj/Localizable.strings; sourceTree = "<group>"; };
		9F820B592AAEAE34003CB842 /* ko */ = {isa = PBXFileReference; lastKnownFileType = text.plist.strings; name = ko; path = ko.lproj/Localizable.strings; sourceTree = "<group>"; };
		9F820B5A2AAEBAB0003CB842 /* String+Extension.swift */ = {isa = PBXFileReference; lastKnownFileType = sourcecode.swift; path = "String+Extension.swift"; sourceTree = "<group>"; };
		9F820B5F2AAEBDDB003CB842 /* en */ = {isa = PBXFileReference; lastKnownFileType = text.plist.strings; name = en; path = en.lproj/InfoPlist.strings; sourceTree = "<group>"; };
		9F820B612AAEBDDC003CB842 /* ja */ = {isa = PBXFileReference; lastKnownFileType = text.plist.strings; name = ja; path = ja.lproj/InfoPlist.strings; sourceTree = "<group>"; };
		9F820B622AAEBDDD003CB842 /* ko */ = {isa = PBXFileReference; lastKnownFileType = text.plist.strings; name = ko; path = ko.lproj/InfoPlist.strings; sourceTree = "<group>"; };
/* End PBXFileReference section */

/* Begin PBXFrameworksBuildPhase section */
		9F820B332AAE9936003CB842 /* Frameworks */ = {
			isa = PBXFrameworksBuildPhase;
			buildActionMask = 2147483647;
			files = (
			);
			runOnlyForDeploymentPostprocessing = 0;
		};
/* End PBXFrameworksBuildPhase section */

/* Begin PBXGroup section */
		9F3206EB2AAFED4600EB8653 /* Login */ = {
			isa = PBXGroup;
			children = (
				9F3206F02AAFFDE900EB8653 /* SampleViewController.swift */,
				9F3206F22AB0015000EB8653 /* SampleViewModel.swift */,
				9F3206EE2AAFF2F500EB8653 /* Observable.swift */,
				9F3206EC2AAFED5300EB8653 /* LoginViewController.swift */,
				9F3206F42AB00E4300EB8653 /* LoginViewModel.swift */,
			);
			path = Login;
			sourceTree = "<group>";
		};
		9F3206F62AB02A4000EB8653 /* Photo */ = {
			isa = PBXGroup;
			children = (
				9F3206F92AB02A5E00EB8653 /* Photo.swift */,
				9F3206F72AB02A4F00EB8653 /* APIService.swift */,
				9F3206FB2AB02B4900EB8653 /* PhotoViewController.swift */,
				9F3206FD2AB02DAA00EB8653 /* PhotoViewModel.swift */,
			);
			path = Photo;
			sourceTree = "<group>";
		};
		9F820B2D2AAE9936003CB842 = {
			isa = PBXGroup;
			children = (
				9F820B382AAE9936003CB842 /* SeSAC3UnsplashProject */,
				9F820B372AAE9936003CB842 /* Products */,
			);
			sourceTree = "<group>";
		};
		9F820B372AAE9936003CB842 /* Products */ = {
			isa = PBXGroup;
			children = (
				9F820B362AAE9936003CB842 /* SeSAC3UnsplashProject.app */,
			);
			name = Products;
			sourceTree = "<group>";
		};
		9F820B382AAE9936003CB842 /* SeSAC3UnsplashProject */ = {
			isa = PBXGroup;
			children = (
				9F3206F62AB02A4000EB8653 /* Photo */,
				9F3206EB2AAFED4600EB8653 /* Login */,
				9F820B392AAE9936003CB842 /* AppDelegate.swift */,
				9F820B3B2AAE9936003CB842 /* SceneDelegate.swift */,
				9F820B3D2AAE9936003CB842 /* ViewController.swift */,
				9F820B5A2AAEBAB0003CB842 /* String+Extension.swift */,
				9F820B3F2AAE9936003CB842 /* Main.storyboard */,
				9F820B422AAE9939003CB842 /* Assets.xcassets */,
				9F820B442AAE9939003CB842 /* LaunchScreen.storyboard */,
				9F820B472AAE9939003CB842 /* Info.plist */,
				9F820B602AAEBDDB003CB842 /* InfoPlist.strings */,
				9F820B572AAEAE24003CB842 /* Localizable.strings */,
			);
			path = SeSAC3UnsplashProject;
			sourceTree = "<group>";
		};
/* End PBXGroup section */

/* Begin PBXNativeTarget section */
		9F820B352AAE9936003CB842 /* SeSAC3UnsplashProject */ = {
			isa = PBXNativeTarget;
			buildConfigurationList = 9F820B4A2AAE9939003CB842 /* Build configuration list for PBXNativeTarget "SeSAC3UnsplashProject" */;
			buildPhases = (
				9F820B322AAE9936003CB842 /* Sources */,
				9F820B332AAE9936003CB842 /* Frameworks */,
				9F820B342AAE9936003CB842 /* Resources */,
			);
			buildRules = (
			);
			dependencies = (
			);
			name = SeSAC3UnsplashProject;
			productName = SeSAC3UnsplashProject;
			productReference = 9F820B362AAE9936003CB842 /* SeSAC3UnsplashProject.app */;
			productType = "com.apple.product-type.application";
		};
/* End PBXNativeTarget section */

/* Begin PBXProject section */
		9F820B2E2AAE9936003CB842 /* Project object */ = {
			isa = PBXProject;
			attributes = {
				BuildIndependentTargetsInParallel = 1;
				LastSwiftUpdateCheck = 1430;
				LastUpgradeCheck = 1430;
				TargetAttributes = {
					9F820B352AAE9936003CB842 = {
						CreatedOnToolsVersion = 14.3.1;
					};
				};
			};
			buildConfigurationList = 9F820B312AAE9936003CB842 /* Build configuration list for PBXProject "SeSAC3UnsplashProject" */;
			compatibilityVersion = "Xcode 14.0";
			developmentRegion = en;
			hasScannedForEncodings = 0;
			knownRegions = (
				en,
				Base,
				ko,
				ja,
			);
			mainGroup = 9F820B2D2AAE9936003CB842;
			productRefGroup = 9F820B372AAE9936003CB842 /* Products */;
			projectDirPath = "";
			projectRoot = "";
			targets = (
				9F820B352AAE9936003CB842 /* SeSAC3UnsplashProject */,
			);
		};
/* End PBXProject section */

/* Begin PBXResourcesBuildPhase section */
		9F820B342AAE9936003CB842 /* Resources */ = {
			isa = PBXResourcesBuildPhase;
			buildActionMask = 2147483647;
			files = (
				9F820B462AAE9939003CB842 /* LaunchScreen.storyboard in Resources */,
				9F820B552AAEAE24003CB842 /* Localizable.strings in Resources */,
				9F820B432AAE9939003CB842 /* Assets.xcassets in Resources */,
				9F820B412AAE9936003CB842 /* Main.storyboard in Resources */,
				9F820B5E2AAEBDDB003CB842 /* InfoPlist.strings in Resources */,
			);
			runOnlyForDeploymentPostprocessing = 0;
		};
/* End PBXResourcesBuildPhase section */

/* Begin PBXSourcesBuildPhase section */
		9F820B322AAE9936003CB842 /* Sources */ = {
			isa = PBXSourcesBuildPhase;
			buildActionMask = 2147483647;
			files = (
				9F820B5B2AAEBAB1003CB842 /* String+Extension.swift in Sources */,
				9F820B3E2AAE9936003CB842 /* ViewController.swift in Sources */,
				9F820B3A2AAE9936003CB842 /* AppDelegate.swift in Sources */,
				9F3206ED2AAFED5300EB8653 /* LoginViewController.swift in Sources */,
				9F3206EF2AAFF2F500EB8653 /* Observable.swift in Sources */,
				9F3206FC2AB02B4900EB8653 /* PhotoViewController.swift in Sources */,
				9F820B3C2AAE9936003CB842 /* SceneDelegate.swift in Sources */,
				9F3206F82AB02A4F00EB8653 /* APIService.swift in Sources */,
				9F3206FA2AB02A5E00EB8653 /* Photo.swift in Sources */,
				9F3206F32AB0015000EB8653 /* SampleViewModel.swift in Sources */,
				9F3206FE2AB02DAA00EB8653 /* PhotoViewModel.swift in Sources */,
				9F3206F12AAFFDE900EB8653 /* SampleViewController.swift in Sources */,
				9F3206F52AB00E4300EB8653 /* LoginViewModel.swift in Sources */,
			);
			runOnlyForDeploymentPostprocessing = 0;
		};
/* End PBXSourcesBuildPhase section */

/* Begin PBXVariantGroup section */
		9F820B3F2AAE9936003CB842 /* Main.storyboard */ = {
			isa = PBXVariantGroup;
			children = (
				9F820B402AAE9936003CB842 /* Base */,
				9F820B4D2AAE9CBE003CB842 /* ko */,
				9F820B4F2AAE9CC4003CB842 /* ja */,
				9F820B522AAE9DB1003CB842 /* en */,
			);
			name = Main.storyboard;
			sourceTree = "<group>";
		};
		9F820B442AAE9939003CB842 /* LaunchScreen.storyboard */ = {
			isa = PBXVariantGroup;
			children = (
				9F820B452AAE9939003CB842 /* Base */,
				9F820B4E2AAE9CBE003CB842 /* ko */,
				9F820B502AAE9CC4003CB842 /* ja */,
			);
			name = LaunchScreen.storyboard;
			sourceTree = "<group>";
		};
		9F820B572AAEAE24003CB842 /* Localizable.strings */ = {
			isa = PBXVariantGroup;
			children = (
				9F820B562AAEAE24003CB842 /* en */,
				9F820B582AAEAE33003CB842 /* ja */,
				9F820B592AAEAE34003CB842 /* ko */,
			);
			name = Localizable.strings;
			sourceTree = "<group>";
		};
		9F820B602AAEBDDB003CB842 /* InfoPlist.strings */ = {
			isa = PBXVariantGroup;
			children = (
				9F820B5F2AAEBDDB003CB842 /* en */,
				9F820B612AAEBDDC003CB842 /* ja */,
				9F820B622AAEBDDD003CB842 /* ko */,
			);
			name = InfoPlist.strings;
			sourceTree = "<group>";
		};
/* End PBXVariantGroup section */

/* Begin XCBuildConfiguration section */
		9F820B482AAE9939003CB842 /* Debug */ = {
			isa = XCBuildConfiguration;
			buildSettings = {
				ALWAYS_SEARCH_USER_PATHS = NO;
				CLANG_ANALYZER_LOCALIZABILITY_NONLOCALIZED = YES;
				CLANG_ANALYZER_NONNULL = YES;
				CLANG_ANALYZER_NUMBER_OBJECT_CONVERSION = YES_AGGRESSIVE;
				CLANG_CXX_LANGUAGE_STANDARD = "gnu++20";
				CLANG_ENABLE_MODULES = YES;
				CLANG_ENABLE_OBJC_ARC = YES;
				CLANG_ENABLE_OBJC_WEAK = YES;
				CLANG_WARN_BLOCK_CAPTURE_AUTORELEASING = YES;
				CLANG_WARN_BOOL_CONVERSION = YES;
				CLANG_WARN_COMMA = YES;
				CLANG_WARN_CONSTANT_CONVERSION = YES;
				CLANG_WARN_DEPRECATED_OBJC_IMPLEMENTATIONS = YES;
				CLANG_WARN_DIRECT_OBJC_ISA_USAGE = YES_ERROR;
				CLANG_WARN_DOCUMENTATION_COMMENTS = YES;
				CLANG_WARN_EMPTY_BODY = YES;
				CLANG_WARN_ENUM_CONVERSION = YES;
				CLANG_WARN_INFINITE_RECURSION = YES;
				CLANG_WARN_INT_CONVERSION = YES;
				CLANG_WARN_NON_LITERAL_NULL_CONVERSION = YES;
				CLANG_WARN_OBJC_IMPLICIT_RETAIN_SELF = YES;
				CLANG_WARN_OBJC_LITERAL_CONVERSION = YES;
				CLANG_WARN_OBJC_ROOT_CLASS = YES_ERROR;
				CLANG_WARN_QUOTED_INCLUDE_IN_FRAMEWORK_HEADER = YES;
				CLANG_WARN_RANGE_LOOP_ANALYSIS = YES;
				CLANG_WARN_STRICT_PROTOTYPES = YES;
				CLANG_WARN_SUSPICIOUS_MOVE = YES;
				CLANG_WARN_UNGUARDED_AVAILABILITY = YES_AGGRESSIVE;
				CLANG_WARN_UNREACHABLE_CODE = YES;
				CLANG_WARN__DUPLICATE_METHOD_MATCH = YES;
				COPY_PHASE_STRIP = NO;
				DEBUG_INFORMATION_FORMAT = dwarf;
				ENABLE_STRICT_OBJC_MSGSEND = YES;
				ENABLE_TESTABILITY = YES;
				GCC_C_LANGUAGE_STANDARD = gnu11;
				GCC_DYNAMIC_NO_PIC = NO;
				GCC_NO_COMMON_BLOCKS = YES;
				GCC_OPTIMIZATION_LEVEL = 0;
				GCC_PREPROCESSOR_DEFINITIONS = (
					"DEBUG=1",
					"$(inherited)",
				);
				GCC_WARN_64_TO_32_BIT_CONVERSION = YES;
				GCC_WARN_ABOUT_RETURN_TYPE = YES_ERROR;
				GCC_WARN_UNDECLARED_SELECTOR = YES;
				GCC_WARN_UNINITIALIZED_AUTOS = YES_AGGRESSIVE;
				GCC_WARN_UNUSED_FUNCTION = YES;
				GCC_WARN_UNUSED_VARIABLE = YES;
				IPHONEOS_DEPLOYMENT_TARGET = 16.4;
				MTL_ENABLE_DEBUG_INFO = INCLUDE_SOURCE;
				MTL_FAST_MATH = YES;
				ONLY_ACTIVE_ARCH = YES;
				SDKROOT = iphoneos;
				SWIFT_ACTIVE_COMPILATION_CONDITIONS = DEBUG;
				SWIFT_OPTIMIZATION_LEVEL = "-Onone";
			};
			name = Debug;
		};
		9F820B492AAE9939003CB842 /* Release */ = {
			isa = XCBuildConfiguration;
			buildSettings = {
				ALWAYS_SEARCH_USER_PATHS = NO;
				CLANG_ANALYZER_LOCALIZABILITY_NONLOCALIZED = YES;
				CLANG_ANALYZER_NONNULL = YES;
				CLANG_ANALYZER_NUMBER_OBJECT_CONVERSION = YES_AGGRESSIVE;
				CLANG_CXX_LANGUAGE_STANDARD = "gnu++20";
				CLANG_ENABLE_MODULES = YES;
				CLANG_ENABLE_OBJC_ARC = YES;
				CLANG_ENABLE_OBJC_WEAK = YES;
				CLANG_WARN_BLOCK_CAPTURE_AUTORELEASING = YES;
				CLANG_WARN_BOOL_CONVERSION = YES;
				CLANG_WARN_COMMA = YES;
				CLANG_WARN_CONSTANT_CONVERSION = YES;
				CLANG_WARN_DEPRECATED_OBJC_IMPLEMENTATIONS = YES;
				CLANG_WARN_DIRECT_OBJC_ISA_USAGE = YES_ERROR;
				CLANG_WARN_DOCUMENTATION_COMMENTS = YES;
				CLANG_WARN_EMPTY_BODY = YES;
				CLANG_WARN_ENUM_CONVERSION = YES;
				CLANG_WARN_INFINITE_RECURSION = YES;
				CLANG_WARN_INT_CONVERSION = YES;
				CLANG_WARN_NON_LITERAL_NULL_CONVERSION = YES;
				CLANG_WARN_OBJC_IMPLICIT_RETAIN_SELF = YES;
				CLANG_WARN_OBJC_LITERAL_CONVERSION = YES;
				CLANG_WARN_OBJC_ROOT_CLASS = YES_ERROR;
				CLANG_WARN_QUOTED_INCLUDE_IN_FRAMEWORK_HEADER = YES;
				CLANG_WARN_RANGE_LOOP_ANALYSIS = YES;
				CLANG_WARN_STRICT_PROTOTYPES = YES;
				CLANG_WARN_SUSPICIOUS_MOVE = YES;
				CLANG_WARN_UNGUARDED_AVAILABILITY = YES_AGGRESSIVE;
				CLANG_WARN_UNREACHABLE_CODE = YES;
				CLANG_WARN__DUPLICATE_METHOD_MATCH = YES;
				COPY_PHASE_STRIP = NO;
				DEBUG_INFORMATION_FORMAT = "dwarf-with-dsym";
				ENABLE_NS_ASSERTIONS = NO;
				ENABLE_STRICT_OBJC_MSGSEND = YES;
				GCC_C_LANGUAGE_STANDARD = gnu11;
				GCC_NO_COMMON_BLOCKS = YES;
				GCC_WARN_64_TO_32_BIT_CONVERSION = YES;
				GCC_WARN_ABOUT_RETURN_TYPE = YES_ERROR;
				GCC_WARN_UNDECLARED_SELECTOR = YES;
				GCC_WARN_UNINITIALIZED_AUTOS = YES_AGGRESSIVE;
				GCC_WARN_UNUSED_FUNCTION = YES;
				GCC_WARN_UNUSED_VARIABLE = YES;
				IPHONEOS_DEPLOYMENT_TARGET = 16.4;
				MTL_ENABLE_DEBUG_INFO = NO;
				MTL_FAST_MATH = YES;
				SDKROOT = iphoneos;
				SWIFT_COMPILATION_MODE = wholemodule;
				SWIFT_OPTIMIZATION_LEVEL = "-O";
				VALIDATE_PRODUCT = YES;
			};
			name = Release;
		};
		9F820B4B2AAE9939003CB842 /* Debug */ = {
			isa = XCBuildConfiguration;
			buildSettings = {
				ASSETCATALOG_COMPILER_APPICON_NAME = AppIcon;
				ASSETCATALOG_COMPILER_GLOBAL_ACCENT_COLOR_NAME = AccentColor;
				CODE_SIGN_STYLE = Automatic;
				CURRENT_PROJECT_VERSION = 1;
				DEVELOPMENT_TEAM = NDA4XU9NWX;
				GENERATE_INFOPLIST_FILE = YES;
				INFOPLIST_FILE = SeSAC3UnsplashProject/Info.plist;
				INFOPLIST_KEY_UIApplicationSupportsIndirectInputEvents = YES;
				INFOPLIST_KEY_UILaunchStoryboardName = LaunchScreen;
				INFOPLIST_KEY_UIMainStoryboardFile = Main;
				INFOPLIST_KEY_UISupportedInterfaceOrientations = UIInterfaceOrientationPortrait;
				INFOPLIST_KEY_UISupportedInterfaceOrientations_iPad = "UIInterfaceOrientationLandscapeLeft UIInterfaceOrientationLandscapeRight UIInterfaceOrientationPortrait UIInterfaceOrientationPortraitUpsideDown";
				IPHONEOS_DEPLOYMENT_TARGET = 15.0;
				LD_RUNPATH_SEARCH_PATHS = (
					"$(inherited)",
					"@executable_path/Frameworks",
				);
				MARKETING_VERSION = 1.0;
				PRODUCT_BUNDLE_IDENTIFIER = com.sesac.SeSAC3UnsplashProject;
				PRODUCT_NAME = "$(TARGET_NAME)";
				SUPPORTED_PLATFORMS = "iphoneos iphonesimulator";
				SUPPORTS_MACCATALYST = NO;
				SUPPORTS_MAC_DESIGNED_FOR_IPHONE_IPAD = NO;
				SWIFT_EMIT_LOC_STRINGS = YES;
				SWIFT_VERSION = 5.0;
				TARGETED_DEVICE_FAMILY = 1;
			};
			name = Debug;
		};
		9F820B4C2AAE9939003CB842 /* Release */ = {
			isa = XCBuildConfiguration;
			buildSettings = {
				ASSETCATALOG_COMPILER_APPICON_NAME = AppIcon;
				ASSETCATALOG_COMPILER_GLOBAL_ACCENT_COLOR_NAME = AccentColor;
				CODE_SIGN_STYLE = Automatic;
				CURRENT_PROJECT_VERSION = 1;
				DEVELOPMENT_TEAM = NDA4XU9NWX;
				GENERATE_INFOPLIST_FILE = YES;
				INFOPLIST_FILE = SeSAC3UnsplashProject/Info.plist;
				INFOPLIST_KEY_UIApplicationSupportsIndirectInputEvents = YES;
				INFOPLIST_KEY_UILaunchStoryboardName = LaunchScreen;
				INFOPLIST_KEY_UIMainStoryboardFile = Main;
				INFOPLIST_KEY_UISupportedInterfaceOrientations = UIInterfaceOrientationPortrait;
				INFOPLIST_KEY_UISupportedInterfaceOrientations_iPad = "UIInterfaceOrientationLandscapeLeft UIInterfaceOrientationLandscapeRight UIInterfaceOrientationPortrait UIInterfaceOrientationPortraitUpsideDown";
				IPHONEOS_DEPLOYMENT_TARGET = 15.0;
				LD_RUNPATH_SEARCH_PATHS = (
					"$(inherited)",
					"@executable_path/Frameworks",
				);
				MARKETING_VERSION = 1.0;
				PRODUCT_BUNDLE_IDENTIFIER = com.sesac.SeSAC3UnsplashProject;
				PRODUCT_NAME = "$(TARGET_NAME)";
				SUPPORTED_PLATFORMS = "iphoneos iphonesimulator";
				SUPPORTS_MACCATALYST = NO;
				SUPPORTS_MAC_DESIGNED_FOR_IPHONE_IPAD = NO;
				SWIFT_EMIT_LOC_STRINGS = YES;
				SWIFT_VERSION = 5.0;
				TARGETED_DEVICE_FAMILY = 1;
			};
			name = Release;
		};
/* End XCBuildConfiguration section */

/* Begin XCConfigurationList section */
		9F820B312AAE9936003CB842 /* Build configuration list for PBXProject "SeSAC3UnsplashProject" */ = {
			isa = XCConfigurationList;
			buildConfigurations = (
				9F820B482AAE9939003CB842 /* Debug */,
				9F820B492AAE9939003CB842 /* Release */,
			);
			defaultConfigurationIsVisible = 0;
			defaultConfigurationName = Release;
		};
		9F820B4A2AAE9939003CB842 /* Build configuration list for PBXNativeTarget "SeSAC3UnsplashProject" */ = {
			isa = XCConfigurationList;
			buildConfigurations = (
				9F820B4B2AAE9939003CB842 /* Debug */,
				9F820B4C2AAE9939003CB842 /* Release */,
			);
			defaultConfigurationIsVisible = 0;
			defaultConfigurationName = Release;
		};
/* End XCConfigurationList section */
	};
	rootObject = 9F820B2E2AAE9936003CB842 /* Project object */;
}
